
Microsoft Visual Studio Solution File, Format Version 12.00
# Visual Studio Version 17
VisualStudioVersion = 17.14.37012.4
MinimumVisualStudioVersion = 10.0.40219.1
Project("{FAE04EC0-301F-11D3-BF4B-00C04F79EFBC}") = "CardWeave", "CardWeave\CardWeave.csproj", "{5D206311-34B8-4264-92FB-CA3C311F2B81}"
EndProject
Global
	GlobalSection(SolutionConfigurationPlatforms) = preSolution
		Debug|Any CPU = Debug|Any CPU
		Release|Any CPU = Release|Any CPU
	EndGlobalSection
	GlobalSection(ProjectConfigurationPlatforms) = postSolution
		{5D206311-34B8-4264-92FB-CA3C311F2B81}.Debug|Any CPU.ActiveCfg = Debug|Any CPU
		{5D206311-34B8-4264-92FB-CA3C311F2B81}.Debug|Any CPU.Build.0 = Debug|Any CPU
		{5D206311-34B8-4264-92FB-CA3C311F2B81}.Release|Any CPU.ActiveCfg = Release|Any CPU
		{5D206311-34B8-4264-92FB-CA3C311F2B81}.Release|Any CPU.Build.0 = Release|Any CPU
	EndGlobalSection
	GlobalSection(SolutionProperties) = preSolution
		HideSolutionNode = FALSE
	EndGlobalSection
	GlobalSection(ExtensibilityGlobals) = postSolution
		SolutionGuid = {E131F490-B6DB-4A1A-BF0A-34D4241D41F9}
	EndGlobalSection
EndGlobal
